// !$*UTF8*$!
{
	archiveVersion = 1;
	classes = {
	};
	objectVersion = 50;
	objects = {

/* Begin PBXBuildFile section */
		98EFB4C622A1388D00A3AB90 /* main.cpp in Sources */ = {isa = PBXBuildFile; fileRef = 98EFB4C522A1388D00A3AB90 /* main.cpp */; };
		98EFB4CE22A138C800A3AB90 /* BinaryTree.cpp in Sources */ = {isa = PBXBuildFile; fileRef = 98EFB4CC22A138C800A3AB90 /* BinaryTree.cpp */; };
		98EFB4D122A2EC3A00A3AB90 /* DoublyLinkedList.cpp in Sources */ = {isa = PBXBuildFile; fileRef = 98EFB4CF22A2EC3A00A3AB90 /* DoublyLinkedList.cpp */; };
		98EFB4D422A520C000A3AB90 /* BinaryTreeDictionary.cpp in Sources */ = {isa = PBXBuildFile; fileRef = 98EFB4D222A520BF00A3AB90 /* BinaryTreeDictionary.cpp */; };
/* End PBXBuildFile section */

/* Begin PBXCopyFilesBuildPhase section */
		98EFB4C022A1388D00A3AB90 /* CopyFiles */ = {
			isa = PBXCopyFilesBuildPhase;
			buildActionMask = 2147483647;
			dstPath = /usr/share/man/man1/;
			dstSubfolderSpec = 0;
			files = (
			);
			runOnlyForDeploymentPostprocessing = 1;
		};
/* End PBXCopyFilesBuildPhase section */

/* Begin PBXFileReference section */
		98EFB4C222A1388D00A3AB90 /* cppstudio */ = {isa = PBXFileReference; explicitFileType = "compiled.mach-o.executable"; includeInIndex = 0; path = cppstudio; sourceTree = BUILT_PRODUCTS_DIR; };
		98EFB4C522A1388D00A3AB90 /* main.cpp */ = {isa = PBXFileReference; lastKnownFileType = sourcecode.cpp.cpp; path = main.cpp; sourceTree = "<group>"; };
		98EFB4CC22A138C800A3AB90 /* BinaryTree.cpp */ = {isa = PBXFileReference; lastKnownFileType = sourcecode.cpp.cpp; path = BinaryTree.cpp; sourceTree = "<group>"; };
		98EFB4CD22A138C800A3AB90 /* BinaryTree.hpp */ = {isa = PBXFileReference; lastKnownFileType = sourcecode.cpp.h; path = BinaryTree.hpp; sourceTree = "<group>"; };
		98EFB4CF22A2EC3A00A3AB90 /* DoublyLinkedList.cpp */ = {isa = PBXFileReference; lastKnownFileType = sourcecode.cpp.cpp; path = DoublyLinkedList.cpp; sourceTree = "<group>"; };
		98EFB4D022A2EC3A00A3AB90 /* DoublyLinkedList.hpp */ = {isa = PBXFileReference; lastKnownFileType = sourcecode.cpp.h; path = DoublyLinkedList.hpp; sourceTree = "<group>"; };
		98EFB4D222A520BF00A3AB90 /* BinaryTreeDictionary.cpp */ = {isa = PBXFileReference; lastKnownFileType = sourcecode.cpp.cpp; path = BinaryTreeDictionary.cpp; sourceTree = "<group>"; };
		98EFB4D322A520BF00A3AB90 /* BinaryTreeDictionary.hpp */ = {isa = PBXFileReference; lastKnownFileType = sourcecode.cpp.h; path = BinaryTreeDictionary.hpp; sourceTree = "<group>"; };
/* End PBXFileReference section */

/* Begin PBXFrameworksBuildPhase section */
		98EFB4BF22A1388D00A3AB90 /* Frameworks */ = {
			isa = PBXFrameworksBuildPhase;
			buildActionMask = 2147483647;
			files = (
			);
			runOnlyForDeploymentPostprocessing = 0;
		};
/* End PBXFrameworksBuildPhase section */

/* Begin PBXGroup section */
		98EFB4B922A1388D00A3AB90 = {
			isa = PBXGroup;
			children = (
				98EFB4C422A1388D00A3AB90 /* cppstudio */,
				98EFB4C322A1388D00A3AB90 /* Products */,
			);
			sourceTree = "<group>";
		};
		98EFB4C322A1388D00A3AB90 /* Products */ = {
			isa = PBXGroup;
			children = (
				98EFB4C222A1388D00A3AB90 /* cppstudio */,
			);
			name = Products;
			sourceTree = "<group>";
		};
		98EFB4C422A1388D00A3AB90 /* cppstudio */ = {
			isa = PBXGroup;
			children = (
				98EFB4C522A1388D00A3AB90 /* main.cpp */,
				98EFB4CF22A2EC3A00A3AB90 /* DoublyLinkedList.cpp */,
				98EFB4D222A520BF00A3AB90 /* BinaryTreeDictionary.cpp */,
				98EFB4D322A520BF00A3AB90 /* BinaryTreeDictionary.hpp */,
				98EFB4D022A2EC3A00A3AB90 /* DoublyLinkedList.hpp */,
				98EFB4CC22A138C800A3AB90 /* BinaryTree.cpp */,
				98EFB4CD22A138C800A3AB90 /* BinaryTree.hpp */,
			);
			path = cppstudio;
			sourceTree = "<group>";
		};
/* End PBXGroup section */

/* Begin PBXNativeTarget section */
		98EFB4C122A1388D00A3AB90 /* cppstudio */ = {
			isa = PBXNativeTarget;
			buildConfigurationList = 98EFB4C922A1388D00A3AB90 /* Build configuration list for PBXNativeTarget "cppstudio" */;
			buildPhases = (
				98EFB4BE22A1388D00A3AB90 /* Sources */,
				98EFB4BF22A1388D00A3AB90 /* Frameworks */,
				98EFB4C022A1388D00A3AB90 /* CopyFiles */,
			);
			buildRules = (
			);
			dependencies = (
			);
			name = cppstudio;
			productName = cppstudio;
			productReference = 98EFB4C222A1388D00A3AB90 /* cppstudio */;
			productType = "com.apple.product-type.tool";
		};
/* End PBXNativeTarget section */

/* Begin PBXProject section */
		98EFB4BA22A1388D00A3AB90 /* Project object */ = {
			isa = PBXProject;
			attributes = {
				LastUpgradeCheck = 1010;
				ORGANIZATIONNAME = IvanMilaev;
				TargetAttributes = {
					98EFB4C122A1388D00A3AB90 = {
						CreatedOnToolsVersion = 10.1;
					};
				};
			};
			buildConfigurationList = 98EFB4BD22A1388D00A3AB90 /* Build configuration list for PBXProject "cppstudio" */;
			compatibilityVersion = "Xcode 9.3";
			developmentRegion = en;
			hasScannedForEncodings = 0;
			knownRegions = (
				en,
			);
			mainGroup = 98EFB4B922A1388D00A3AB90;
			productRefGroup = 98EFB4C322A1388D00A3AB90 /* Products */;
			projectDirPath = "";
			projectRoot = "";
			targets = (
				98EFB4C122A1388D00A3AB90 /* cppstudio */,
			);
		};
/* End PBXProject section */

/* Begin PBXSourcesBuildPhase section */
		98EFB4BE22A1388D00A3AB90 /* Sources */ = {
			isa = PBXSourcesBuildPhase;
			buildActionMask = 2147483647;
			files = (
				98EFB4D422A520C000A3AB90 /* BinaryTreeDictionary.cpp in Sources */,
				98EFB4CE22A138C800A3AB90 /* BinaryTree.cpp in Sources */,
				98EFB4D122A2EC3A00A3AB90 /* DoublyLinkedList.cpp in Sources */,
				98EFB4C622A1388D00A3AB90 /* main.cpp in Sources */,
			);
			runOnlyForDeploymentPostprocessing = 0;
		};
/* End PBXSourcesBuildPhase section */

/* Begin XCBuildConfiguration section */
		98EFB4C722A1388D00A3AB90 /* Debug */ = {
			isa = XCBuildConfiguration;
			buildSettings = {
				ALWAYS_SEARCH_USER_PATHS = NO;
				CLANG_ANALYZER_NONNULL = YES;
				CLANG_ANALYZER_NUMBER_OBJECT_CONVERSION = YES_AGGRESSIVE;
				CLANG_CXX_LANGUAGE_STANDARD = "gnu++14";
				CLANG_CXX_LIBRARY = "libc++";
				CLANG_ENABLE_MODULES = YES;
				CLANG_ENABLE_OBJC_ARC = YES;
				CLANG_ENABLE_OBJC_WEAK = YES;
				CLANG_WARN_BLOCK_CAPTURE_AUTORELEASING = YES;
				CLANG_WARN_BOOL_CONVERSION = YES;
				CLANG_WARN_COMMA = YES;
				CLANG_WARN_CONSTANT_CONVERSION = YES;
				CLANG_WARN_DEPRECATED_OBJC_IMPLEMENTATIONS = YES;
				CLANG_WARN_DIRECT_OBJC_ISA_USAGE = YES_ERROR;
				CLANG_WARN_DOCUMENTATION_COMMENTS = YES;
				CLANG_WARN_EMPTY_BODY = YES;
				CLANG_WARN_ENUM_CONVERSION = YES;
				CLANG_WARN_INFINITE_RECURSION = YES;
				CLANG_WARN_INT_CONVERSION = YES;
				CLANG_WARN_NON_LITERAL_NULL_CONVERSION = YES;
				CLANG_WARN_OBJC_IMPLICIT_RETAIN_SELF = YES;
				CLANG_WARN_OBJC_LITERAL_CONVERSION = YES;
				CLANG_WARN_OBJC_ROOT_CLASS = YES_ERROR;
				CLANG_WARN_RANGE_LOOP_ANALYSIS = YES;
				CLANG_WARN_STRICT_PROTOTYPES = YES;
				CLANG_WARN_SUSPICIOUS_MOVE = YES;
				CLANG_WARN_UNGUARDED_AVAILABILITY = YES_AGGRESSIVE;
				CLANG_WARN_UNREACHABLE_CODE = YES;
				CLANG_WARN__DUPLICATE_METHOD_MATCH = YES;
				CODE_SIGN_IDENTITY = "-";
				COPY_PHASE_STRIP = NO;
				DEBUG_INFORMATION_FORMAT = dwarf;
				ENABLE_STRICT_OBJC_MSGSEND = YES;
				ENABLE_TESTABILITY = YES;
				GCC_C_LANGUAGE_STANDARD = gnu11;
				GCC_DYNAMIC_NO_PIC = NO;
				GCC_NO_COMMON_BLOCKS = YES;
				GCC_OPTIMIZATION_LEVEL = 0;
				GCC_PREPROCESSOR_DEFINITIONS = (
					"DEBUG=1",
					"$(inherited)",
				);
				GCC_WARN_64_TO_32_BIT_CONVERSION = YES;
				GCC_WARN_ABOUT_RETURN_TYPE = YES_ERROR;
				GCC_WARN_UNDECLARED_SELECTOR = YES;
				GCC_WARN_UNINITIALIZED_AUTOS = YES_AGGRESSIVE;
				GCC_WARN_UNUSED_FUNCTION = YES;
				GCC_WARN_UNUSED_VARIABLE = YES;
				MACOSX_DEPLOYMENT_TARGET = 10.14;
				MTL_ENABLE_DEBUG_INFO = INCLUDE_SOURCE;
				MTL_FAST_MATH = YES;
				ONLY_ACTIVE_ARCH = YES;
				SDKROOT = macosx;
			};
			name = Debug;
		};
		98EFB4C822A1388D00A3AB90 /* Release */ = {
			isa = XCBuildConfiguration;
			buildSettings = {
				ALWAYS_SEARCH_USER_PATHS = NO;
				CLANG_ANALYZER_NONNULL = YES;
				CLANG_ANALYZER_NUMBER_OBJECT_CONVERSION = YES_AGGRESSIVE;
				CLANG_CXX_LANGUAGE_STANDARD = "gnu++14";
				CLANG_CXX_LIBRARY = "libc++";
				CLANG_ENABLE_MODULES = YES;
				CLANG_ENABLE_OBJC_ARC = YES;
				CLANG_ENABLE_OBJC_WEAK = YES;
				CLANG_WARN_BLOCK_CAPTURE_AUTORELEASING = YES;
				CLANG_WARN_BOOL_CONVERSION = YES;
				CLANG_WARN_COMMA = YES;
				CLANG_WARN_CONSTANT_CONVERSION = YES;
				CLANG_WARN_DEPRECATED_OBJC_IMPLEMENTATIONS = YES;
				CLANG_WARN_DIRECT_OBJC_ISA_USAGE = YES_ERROR;
				CLANG_WARN_DOCUMENTATION_COMMENTS = YES;
				CLANG_WARN_EMPTY_BODY = YES;
				CLANG_WARN_ENUM_CONVERSION = YES;
				CLANG_WARN_INFINITE_RECURSION = YES;
				CLANG_WARN_INT_CONVERSION = YES;
				CLANG_WARN_NON_LITERAL_NULL_CONVERSION = YES;
				CLANG_WARN_OBJC_IMPLICIT_RETAIN_SELF = YES;
				CLANG_WARN_OBJC_LITERAL_CONVERSION = YES;
				CLANG_WARN_OBJC_ROOT_CLASS = YES_ERROR;
				CLANG_WARN_RANGE_LOOP_ANALYSIS = YES;
				CLANG_WARN_STRICT_PROTOTYPES = YES;
				CLANG_WARN_SUSPICIOUS_MOVE = YES;
				CLANG_WARN_UNGUARDED_AVAILABILITY = YES_AGGRESSIVE;
				CLANG_WARN_UNREACHABLE_CODE = YES;
				CLANG_WARN__DUPLICATE_METHOD_MATCH = YES;
				CODE_SIGN_IDENTITY = "-";
				COPY_PHASE_STRIP = NO;
				DEBUG_INFORMATION_FORMAT = "dwarf-with-dsym";
				ENABLE_NS_ASSERTIONS = NO;
				ENABLE_STRICT_OBJC_MSGSEND = YES;
				GCC_C_LANGUAGE_STANDARD = gnu11;
				GCC_NO_COMMON_BLOCKS = YES;
				GCC_WARN_64_TO_32_BIT_CONVERSION = YES;
				GCC_WARN_ABOUT_RETURN_TYPE = YES_ERROR;
				GCC_WARN_UNDECLARED_SELECTOR = YES;
				GCC_WARN_UNINITIALIZED_AUTOS = YES_AGGRESSIVE;
				GCC_WARN_UNUSED_FUNCTION = YES;
				GCC_WARN_UNUSED_VARIABLE = YES;
				MACOSX_DEPLOYMENT_TARGET = 10.14;
				MTL_ENABLE_DEBUG_INFO = NO;
				MTL_FAST_MATH = YES;
				SDKROOT = macosx;
			};
			name = Release;
		};
		98EFB4CA22A1388D00A3AB90 /* Debug */ = {
			isa = XCBuildConfiguration;
			buildSettings = {
				CODE_SIGN_STYLE = Automatic;
				PRODUCT_NAME = "$(TARGET_NAME)";
			};
			name = Debug;
		};
		98EFB4CB22A1388D00A3AB90 /* Release */ = {
			isa = XCBuildConfiguration;
			buildSettings = {
				CODE_SIGN_STYLE = Automatic;
				PRODUCT_NAME = "$(TARGET_NAME)";
			};
			name = Release;
		};
/* End XCBuildConfiguration section */

/* Begin XCConfigurationList section */
		98EFB4BD22A1388D00A3AB90 /* Build configuration list for PBXProject "cppstudio" */ = {
			isa = XCConfigurationList;
			buildConfigurations = (
				98EFB4C722A1388D00A3AB90 /* Debug */,
				98EFB4C822A1388D00A3AB90 /* Release */,
			);
			defaultConfigurationIsVisible = 0;
			defaultConfigurationName = Release;
		};
		98EFB4C922A1388D00A3AB90 /* Build configuration list for PBXNativeTarget "cppstudio" */ = {
			isa = XCConfigurationList;
			buildConfigurations = (
				98EFB4CA22A1388D00A3AB90 /* Debug */,
				98EFB4CB22A1388D00A3AB90 /* Release */,
			);
			defaultConfigurationIsVisible = 0;
			defaultConfigurationName = Release;
		};
/* End XCConfigurationList section */
	};
	rootObject = 98EFB4BA22A1388D00A3AB90 /* Project object */;
}
